
Microsoft Visual Studio Solution File, Format Version 12.00
# Visual Studio Version 16
VisualStudioVersion = 16.0.31424.327
MinimumVisualStudioVersion = 10.0.40219.1
Project("{FAE04EC0-301F-11D3-BF4B-00C04F79EFBC}") = "DeictraGraph", "DeictraGraph.csproj", "{CBD2D48C-1CAF-41BF-8514-409246AA0A27}"
EndProject
Global
	GlobalSection(SolutionConfigurationPlatforms) = preSolution
		Debug|Any CPU = Debug|Any CPU
		Release|Any CPU = Release|Any CPU
	EndGlobalSection
	GlobalSection(ProjectConfigurationPlatforms) = postSolution
		{CBD2D48C-1CAF-41BF-8514-409246AA0A27}.Debug|Any CPU.ActiveCfg = Debug|Any CPU
		{CBD2D48C-1CAF-41BF-8514-409246AA0A27}.Debug|Any CPU.Build.0 = Debug|Any CPU
		{CBD2D48C-1CAF-41BF-8514-409246AA0A27}.Release|Any CPU.ActiveCfg = Release|Any CPU
		{CBD2D48C-1CAF-41BF-8514-409246AA0A27}.Release|Any CPU.Build.0 = Release|Any CPU
	EndGlobalSection
	GlobalSection(SolutionProperties) = preSolution
		HideSolutionNode = FALSE
	EndGlobalSection
	GlobalSection(ExtensibilityGlobals) = postSolution
		SolutionGuid = {DADCF1DF-AEC6-4C91-907B-FA5E54AF2567}
	EndGlobalSection
EndGlobal
